<?xml version="1.0" encoding="utf-8"?>
<Project ToolsVersion="4.0" xmlns="http://schemas.microsoft.com/developer/msbuild/2003">
  <ItemGroup>
    <Filter Include="Header">
      <UniqueIdentifier>{4611f924-9946-4bf1-ae63-9bdbeac30842}</UniqueIdentifier>
    </Filter>
    <Filter Include="Ambuild">
      <UniqueIdentifier>{6dd65763-fa7d-4ad6-b4a2-77a4a5076ccc}</UniqueIdentifier>
    </Filter>
    <Filter Include="FFmpeg">
      <UniqueIdentifier>{15f9f126-1441-4598-a79b-8ab62b25a947}</UniqueIdentifier>
    </Filter>
  </ItemGroup>
  <ItemGroup>
    <ClInclude Include="Voice.h">
      <Filter>Header</Filter>
    </ClInclude>
    <ClInclude Include="recipientfilters.h">
      <Filter>Header</Filter>
    </ClInclude>
    <ClInclude Include="utils.h">
      <Filter>Header</Filter>
    </ClInclude>
    <ClInclude Include="serversideclient.h">
      <Filter>Header</Filter>
    </ClInclude>
    <ClInclude Include="audio.h">
      <Filter>Header</Filter>
    </ClInclude>
    <ClInclude Include="FFmpeg\libavcodec\avcodec.h">
      <Filter>FFmpeg</Filter>
    </ClInclude>
    <ClInclude Include="FFmpeg\libavutil\macros.h">
      <Filter>FFmpeg</Filter>
    </ClInclude>
    <ClInclude Include="FFmpeg\libavutil\pixfmt.h">
      <Filter>FFmpeg</Filter>
    </ClInclude>
    <ClInclude Include="include\sndfile.h">
      <Filter>Header</Filter>
    </ClInclude>
  </ItemGroup>
  <ItemGroup>
    <ClCompile Include="utils.cpp" />
    <ClCompile Include="Voice.cpp" />
    <ClCompile Include="audio.cpp" />
  </ItemGroup>
  <ItemGroup>
    <None Include="AMBuilder">
      <Filter>Ambuild</Filter>
    </None>
    <None Include="AMBuildScript">
      <Filter>Ambuild</Filter>
    </None>
    <None Include="configure.py">
      <Filter>Ambuild</Filter>
    </None>
    <None Include="PackageScript">
      <Filter>Ambuild</Filter>
    </None>
  </ItemGroup>
</Project>